{
  "name": "bitcoin-app",
  "version": "1.0.42",
  "lockfileVersion": 1,
  "requires": true,
  "dependencies": {
    "bitcoin-api": {
      "version": "6.0.5",
      "resolved": "https://registry.npmjs.org/bitcoin-api/-/bitcoin-api-6.0.5.tgz",
      "integrity": "sha512-zAcmDjRXp9of+wi2i9bEe3AS3u2vW2nB5HEa/o5V+LrnWYcOi6bBY5JlrzpZVD1e/COBHDCf5XNYOL/AIKhVuw=="
    },
    "react-state-management": {
      "version": "1.0.3",
      "resolved": "https://registry.npmjs.org/react-state-management/-/react-state-management-1.0.3.tgz",
      "integrity": "sha512-7Ws5cZFAL7/74lJ1m05YhX/LpZTxCOC3Lcu5F/LzXemWwNwPhoVzQrph8vKLxzSEadntNKEUF3w3P0UJBsxzVw=="
    }
  }
}
